// !$*UTF8*$!
{
	archiveVersion = 1;
	classes = {
	};
	objectVersion = 56;
	objects = {

/* Begin PBXBuildFile section */
		99B6416928FD39A70024FCC4 /* AppDelegate.swift in Sources */ = {isa = PBXBuildFile; fileRef = 99B6416828FD39A70024FCC4 /* AppDelegate.swift */; };
		99B6417228FD39AA0024FCC4 /* Assets.xcassets in Resources */ = {isa = PBXBuildFile; fileRef = 99B6417128FD39AA0024FCC4 /* Assets.xcassets */; };
		99B6417528FD39AA0024FCC4 /* LaunchScreen.storyboard in Resources */ = {isa = PBXBuildFile; fileRef = 99B6417328FD39AA0024FCC4 /* LaunchScreen.storyboard */; };
		99B6418028FD3B140024FCC4 /* HomeScreenViewModel.swift in Sources */ = {isa = PBXBuildFile; fileRef = 99B6417F28FD3B140024FCC4 /* HomeScreenViewModel.swift */; };
		99B6418228FD3E5D0024FCC4 /* TopRatedAndPopularResponse.swift in Sources */ = {isa = PBXBuildFile; fileRef = 99B6418128FD3E5D0024FCC4 /* TopRatedAndPopularResponse.swift */; };
		99B6418728FD3F6B0024FCC4 /* MovieDetailsResponse.swift in Sources */ = {isa = PBXBuildFile; fileRef = 99B6418628FD3F6B0024FCC4 /* MovieDetailsResponse.swift */; };
		99B6418928FD3FA20024FCC4 /* SimilarMoviesResponse.swift in Sources */ = {isa = PBXBuildFile; fileRef = 99B6418828FD3FA20024FCC4 /* SimilarMoviesResponse.swift */; };
		99B6418B28FD401E0024FCC4 /* NetworkApiManager.swift in Sources */ = {isa = PBXBuildFile; fileRef = 99B6418A28FD401E0024FCC4 /* NetworkApiManager.swift */; };
		99B6418D28FD43A80024FCC4 /* NetworkApiClient.swift in Sources */ = {isa = PBXBuildFile; fileRef = 99B6418C28FD43A80024FCC4 /* NetworkApiClient.swift */; };
		99B6419028FD4C700024FCC4 /* HomeScreenTableViewController.swift in Sources */ = {isa = PBXBuildFile; fileRef = 99B6418E28FD4C700024FCC4 /* HomeScreenTableViewController.swift */; };
		99B6419128FD4C700024FCC4 /* HomeScreenTableViewController.xib in Resources */ = {isa = PBXBuildFile; fileRef = 99B6418F28FD4C700024FCC4 /* HomeScreenTableViewController.xib */; };
		99B6419928FD4D1E0024FCC4 /* MovieDetailViewModel.swift in Sources */ = {isa = PBXBuildFile; fileRef = 99B6419828FD4D1E0024FCC4 /* MovieDetailViewModel.swift */; };
		99B6419E28FD57EB0024FCC4 /* HomeScreenCell.swift in Sources */ = {isa = PBXBuildFile; fileRef = 99B6419C28FD57EB0024FCC4 /* HomeScreenCell.swift */; };
		99B6419F28FD57EB0024FCC4 /* HomeScreenCell.xib in Resources */ = {isa = PBXBuildFile; fileRef = 99B6419D28FD57EB0024FCC4 /* HomeScreenCell.xib */; };
		99B641A628FDFCC40024FCC4 /* MovieDetailViewController.swift in Sources */ = {isa = PBXBuildFile; fileRef = 99B641A428FDFCC40024FCC4 /* MovieDetailViewController.swift */; };
		99B641A728FDFCC40024FCC4 /* MovieDetailViewController.xib in Resources */ = {isa = PBXBuildFile; fileRef = 99B641A528FDFCC40024FCC4 /* MovieDetailViewController.xib */; };
		99B641AF28FE0F1C0024FCC4 /* SimilarMovieCollectionViewCell.swift in Sources */ = {isa = PBXBuildFile; fileRef = 99B641AD28FE0F1C0024FCC4 /* SimilarMovieCollectionViewCell.swift */; };
		99B641B028FE0F1C0024FCC4 /* SimilarMovieCollectionViewCell.xib in Resources */ = {isa = PBXBuildFile; fileRef = 99B641AE28FE0F1C0024FCC4 /* SimilarMovieCollectionViewCell.xib */; };
/* End PBXBuildFile section */

/* Begin PBXFileReference section */
		99B6416528FD39A70024FCC4 /* Movies App.app */ = {isa = PBXFileReference; explicitFileType = wrapper.application; includeInIndex = 0; path = "Movies App.app"; sourceTree = BUILT_PRODUCTS_DIR; };
		99B6416828FD39A70024FCC4 /* AppDelegate.swift */ = {isa = PBXFileReference; lastKnownFileType = sourcecode.swift; path = AppDelegate.swift; sourceTree = "<group>"; };
		99B6417128FD39AA0024FCC4 /* Assets.xcassets */ = {isa = PBXFileReference; lastKnownFileType = folder.assetcatalog; path = Assets.xcassets; sourceTree = "<group>"; };
		99B6417428FD39AA0024FCC4 /* Base */ = {isa = PBXFileReference; lastKnownFileType = file.storyboard; name = Base; path = Base.lproj/LaunchScreen.storyboard; sourceTree = "<group>"; };
		99B6417628FD39AA0024FCC4 /* Info.plist */ = {isa = PBXFileReference; lastKnownFileType = text.plist.xml; path = Info.plist; sourceTree = "<group>"; };
		99B6417F28FD3B140024FCC4 /* HomeScreenViewModel.swift */ = {isa = PBXFileReference; lastKnownFileType = sourcecode.swift; path = HomeScreenViewModel.swift; sourceTree = "<group>"; };
		99B6418128FD3E5D0024FCC4 /* TopRatedAndPopularResponse.swift */ = {isa = PBXFileReference; lastKnownFileType = sourcecode.swift; path = TopRatedAndPopularResponse.swift; sourceTree = "<group>"; };
		99B6418628FD3F6B0024FCC4 /* MovieDetailsResponse.swift */ = {isa = PBXFileReference; lastKnownFileType = sourcecode.swift; path = MovieDetailsResponse.swift; sourceTree = "<group>"; };
		99B6418828FD3FA20024FCC4 /* SimilarMoviesResponse.swift */ = {isa = PBXFileReference; lastKnownFileType = sourcecode.swift; path = SimilarMoviesResponse.swift; sourceTree = "<group>"; };
		99B6418A28FD401E0024FCC4 /* NetworkApiManager.swift */ = {isa = PBXFileReference; lastKnownFileType = sourcecode.swift; path = NetworkApiManager.swift; sourceTree = "<group>"; };
		99B6418C28FD43A80024FCC4 /* NetworkApiClient.swift */ = {isa = PBXFileReference; lastKnownFileType = sourcecode.swift; path = NetworkApiClient.swift; sourceTree = "<group>"; };
		99B6418E28FD4C700024FCC4 /* HomeScreenTableViewController.swift */ = {isa = PBXFileReference; lastKnownFileType = sourcecode.swift; path = HomeScreenTableViewController.swift; sourceTree = "<group>"; };
		99B6418F28FD4C700024FCC4 /* HomeScreenTableViewController.xib */ = {isa = PBXFileReference; lastKnownFileType = file.xib; path = HomeScreenTableViewController.xib; sourceTree = "<group>"; };
		99B6419828FD4D1E0024FCC4 /* MovieDetailViewModel.swift */ = {isa = PBXFileReference; lastKnownFileType = sourcecode.swift; path = MovieDetailViewModel.swift; sourceTree = "<group>"; };
		99B6419C28FD57EB0024FCC4 /* HomeScreenCell.swift */ = {isa = PBXFileReference; lastKnownFileType = sourcecode.swift; path = HomeScreenCell.swift; sourceTree = "<group>"; };
		99B6419D28FD57EB0024FCC4 /* HomeScreenCell.xib */ = {isa = PBXFileReference; lastKnownFileType = file.xib; path = HomeScreenCell.xib; sourceTree = "<group>"; };
		99B641A428FDFCC40024FCC4 /* MovieDetailViewController.swift */ = {isa = PBXFileReference; lastKnownFileType = sourcecode.swift; path = MovieDetailViewController.swift; sourceTree = "<group>"; };
		99B641A528FDFCC40024FCC4 /* MovieDetailViewController.xib */ = {isa = PBXFileReference; lastKnownFileType = file.xib; path = MovieDetailViewController.xib; sourceTree = "<group>"; };
		99B641AD28FE0F1C0024FCC4 /* SimilarMovieCollectionViewCell.swift */ = {isa = PBXFileReference; lastKnownFileType = sourcecode.swift; path = SimilarMovieCollectionViewCell.swift; sourceTree = "<group>"; };
		99B641AE28FE0F1C0024FCC4 /* SimilarMovieCollectionViewCell.xib */ = {isa = PBXFileReference; lastKnownFileType = file.xib; path = SimilarMovieCollectionViewCell.xib; sourceTree = "<group>"; };
/* End PBXFileReference section */

/* Begin PBXFrameworksBuildPhase section */
		99B6416228FD39A70024FCC4 /* Frameworks */ = {
			isa = PBXFrameworksBuildPhase;
			buildActionMask = 2147483647;
			files = (
			);
			runOnlyForDeploymentPostprocessing = 0;
		};
/* End PBXFrameworksBuildPhase section */

/* Begin PBXGroup section */
		99B6415C28FD39A70024FCC4 = {
			isa = PBXGroup;
			children = (
				99B6416728FD39A70024FCC4 /* Movies App */,
				99B6416628FD39A70024FCC4 /* Products */,
			);
			sourceTree = "<group>";
		};
		99B6416628FD39A70024FCC4 /* Products */ = {
			isa = PBXGroup;
			children = (
				99B6416528FD39A70024FCC4 /* Movies App.app */,
			);
			name = Products;
			sourceTree = "<group>";
		};
		99B6416728FD39A70024FCC4 /* Movies App */ = {
			isa = PBXGroup;
			children = (
				99B6417E28FD3AAF0024FCC4 /* Network */,
				99B6417D28FD3AA10024FCC4 /* Views */,
				99B6417C28FD3A980024FCC4 /* View models */,
				99B6416828FD39A70024FCC4 /* AppDelegate.swift */,
				99B6417128FD39AA0024FCC4 /* Assets.xcassets */,
				99B6417328FD39AA0024FCC4 /* LaunchScreen.storyboard */,
				99B6417628FD39AA0024FCC4 /* Info.plist */,
			);
			path = "Movies App";
			sourceTree = "<group>";
		};
		99B6417C28FD3A980024FCC4 /* View models */ = {
			isa = PBXGroup;
			children = (
				99B6417F28FD3B140024FCC4 /* HomeScreenViewModel.swift */,
				99B6419828FD4D1E0024FCC4 /* MovieDetailViewModel.swift */,
			);
			path = "View models";
			sourceTree = "<group>";
		};
		99B6417D28FD3AA10024FCC4 /* Views */ = {
			isa = PBXGroup;
			children = (
				99B6419628FD4CEF0024FCC4 /* Home screen */,
				99B6419728FD4CF90024FCC4 /* Movie detail */,
			);
			path = Views;
			sourceTree = "<group>";
		};
		99B6417E28FD3AAF0024FCC4 /* Network */ = {
			isa = PBXGroup;
			children = (
				99B6418A28FD401E0024FCC4 /* NetworkApiManager.swift */,
				99B6418C28FD43A80024FCC4 /* NetworkApiClient.swift */,
				99B6418528FD3F150024FCC4 /* Models */,
			);
			path = Network;
			sourceTree = "<group>";
		};
		99B6418528FD3F150024FCC4 /* Models */ = {
			isa = PBXGroup;
			children = (
				99B6418128FD3E5D0024FCC4 /* TopRatedAndPopularResponse.swift */,
				99B6418628FD3F6B0024FCC4 /* MovieDetailsResponse.swift */,
				99B6418828FD3FA20024FCC4 /* SimilarMoviesResponse.swift */,
			);
			path = Models;
			sourceTree = "<group>";
		};
		99B6419628FD4CEF0024FCC4 /* Home screen */ = {
			isa = PBXGroup;
			children = (
				99B6419A28FD57170024FCC4 /* Cells */,
				99B6418E28FD4C700024FCC4 /* HomeScreenTableViewController.swift */,
				99B6418F28FD4C700024FCC4 /* HomeScreenTableViewController.xib */,
			);
			path = "Home screen";
			sourceTree = "<group>";
		};
		99B6419728FD4CF90024FCC4 /* Movie detail */ = {
			isa = PBXGroup;
			children = (
				99B641AC28FE0D4B0024FCC4 /* Cells */,
				99B641A428FDFCC40024FCC4 /* MovieDetailViewController.swift */,
				99B641A528FDFCC40024FCC4 /* MovieDetailViewController.xib */,
			);
			path = "Movie detail";
			sourceTree = "<group>";
		};
		99B6419A28FD57170024FCC4 /* Cells */ = {
			isa = PBXGroup;
			children = (
				99B6419C28FD57EB0024FCC4 /* HomeScreenCell.swift */,
				99B6419D28FD57EB0024FCC4 /* HomeScreenCell.xib */,
			);
			path = Cells;
			sourceTree = "<group>";
		};
		99B641AC28FE0D4B0024FCC4 /* Cells */ = {
			isa = PBXGroup;
			children = (
				99B641AD28FE0F1C0024FCC4 /* SimilarMovieCollectionViewCell.swift */,
				99B641AE28FE0F1C0024FCC4 /* SimilarMovieCollectionViewCell.xib */,
			);
			path = Cells;
			sourceTree = "<group>";
		};
/* End PBXGroup section */

/* Begin PBXNativeTarget section */
		99B6416428FD39A70024FCC4 /* Movies App */ = {
			isa = PBXNativeTarget;
			buildConfigurationList = 99B6417928FD39AA0024FCC4 /* Build configuration list for PBXNativeTarget "Movies App" */;
			buildPhases = (
				99B6416128FD39A70024FCC4 /* Sources */,
				99B6416228FD39A70024FCC4 /* Frameworks */,
				99B6416328FD39A70024FCC4 /* Resources */,
			);
			buildRules = (
			);
			dependencies = (
			);
			name = "Movies App";
			productName = "Movies App";
			productReference = 99B6416528FD39A70024FCC4 /* Movies App.app */;
			productType = "com.apple.product-type.application";
		};
/* End PBXNativeTarget section */

/* Begin PBXProject section */
		99B6415D28FD39A70024FCC4 /* Project object */ = {
			isa = PBXProject;
			attributes = {
				BuildIndependentTargetsInParallel = 1;
				LastSwiftUpdateCheck = 1400;
				LastUpgradeCheck = 1400;
				TargetAttributes = {
					99B6416428FD39A70024FCC4 = {
						CreatedOnToolsVersion = 14.0.1;
					};
				};
			};
			buildConfigurationList = 99B6416028FD39A70024FCC4 /* Build configuration list for PBXProject "Movies App" */;
			compatibilityVersion = "Xcode 14.0";
			developmentRegion = en;
			hasScannedForEncodings = 0;
			knownRegions = (
				en,
				Base,
			);
			mainGroup = 99B6415C28FD39A70024FCC4;
			productRefGroup = 99B6416628FD39A70024FCC4 /* Products */;
			projectDirPath = "";
			projectRoot = "";
			targets = (
				99B6416428FD39A70024FCC4 /* Movies App */,
			);
		};
/* End PBXProject section */

/* Begin PBXResourcesBuildPhase section */
		99B6416328FD39A70024FCC4 /* Resources */ = {
			isa = PBXResourcesBuildPhase;
			buildActionMask = 2147483647;
			files = (
				99B641A728FDFCC40024FCC4 /* MovieDetailViewController.xib in Resources */,
				99B6417528FD39AA0024FCC4 /* LaunchScreen.storyboard in Resources */,
				99B6417228FD39AA0024FCC4 /* Assets.xcassets in Resources */,
				99B6419128FD4C700024FCC4 /* HomeScreenTableViewController.xib in Resources */,
				99B6419F28FD57EB0024FCC4 /* HomeScreenCell.xib in Resources */,
				99B641B028FE0F1C0024FCC4 /* SimilarMovieCollectionViewCell.xib in Resources */,
			);
			runOnlyForDeploymentPostprocessing = 0;
		};
/* End PBXResourcesBuildPhase section */

/* Begin PBXSourcesBuildPhase section */
		99B6416128FD39A70024FCC4 /* Sources */ = {
			isa = PBXSourcesBuildPhase;
			buildActionMask = 2147483647;
			files = (
				99B6418D28FD43A80024FCC4 /* NetworkApiClient.swift in Sources */,
				99B6418028FD3B140024FCC4 /* HomeScreenViewModel.swift in Sources */,
				99B6419E28FD57EB0024FCC4 /* HomeScreenCell.swift in Sources */,
				99B641AF28FE0F1C0024FCC4 /* SimilarMovieCollectionViewCell.swift in Sources */,
				99B6418928FD3FA20024FCC4 /* SimilarMoviesResponse.swift in Sources */,
				99B6419028FD4C700024FCC4 /* HomeScreenTableViewController.swift in Sources */,
				99B6418B28FD401E0024FCC4 /* NetworkApiManager.swift in Sources */,
				99B6419928FD4D1E0024FCC4 /* MovieDetailViewModel.swift in Sources */,
				99B6416928FD39A70024FCC4 /* AppDelegate.swift in Sources */,
				99B6418228FD3E5D0024FCC4 /* TopRatedAndPopularResponse.swift in Sources */,
				99B641A628FDFCC40024FCC4 /* MovieDetailViewController.swift in Sources */,
				99B6418728FD3F6B0024FCC4 /* MovieDetailsResponse.swift in Sources */,
			);
			runOnlyForDeploymentPostprocessing = 0;
		};
/* End PBXSourcesBuildPhase section */

/* Begin PBXVariantGroup section */
		99B6417328FD39AA0024FCC4 /* LaunchScreen.storyboard */ = {
			isa = PBXVariantGroup;
			children = (
				99B6417428FD39AA0024FCC4 /* Base */,
			);
			name = LaunchScreen.storyboard;
			sourceTree = "<group>";
		};
/* End PBXVariantGroup section */

/* Begin XCBuildConfiguration section */
		99B6417728FD39AA0024FCC4 /* Debug */ = {
			isa = XCBuildConfiguration;
			buildSettings = {
				ALWAYS_SEARCH_USER_PATHS = NO;
				CLANG_ANALYZER_NONNULL = YES;
				CLANG_ANALYZER_NUMBER_OBJECT_CONVERSION = YES_AGGRESSIVE;
				CLANG_CXX_LANGUAGE_STANDARD = "gnu++20";
				CLANG_ENABLE_MODULES = YES;
				CLANG_ENABLE_OBJC_ARC = YES;
				CLANG_ENABLE_OBJC_WEAK = YES;
				CLANG_WARN_BLOCK_CAPTURE_AUTORELEASING = YES;
				CLANG_WARN_BOOL_CONVERSION = YES;
				CLANG_WARN_COMMA = YES;
				CLANG_WARN_CONSTANT_CONVERSION = YES;
				CLANG_WARN_DEPRECATED_OBJC_IMPLEMENTATIONS = YES;
				CLANG_WARN_DIRECT_OBJC_ISA_USAGE = YES_ERROR;
				CLANG_WARN_DOCUMENTATION_COMMENTS = YES;
				CLANG_WARN_EMPTY_BODY = YES;
				CLANG_WARN_ENUM_CONVERSION = YES;
				CLANG_WARN_INFINITE_RECURSION = YES;
				CLANG_WARN_INT_CONVERSION = YES;
				CLANG_WARN_NON_LITERAL_NULL_CONVERSION = YES;
				CLANG_WARN_OBJC_IMPLICIT_RETAIN_SELF = YES;
				CLANG_WARN_OBJC_LITERAL_CONVERSION = YES;
				CLANG_WARN_OBJC_ROOT_CLASS = YES_ERROR;
				CLANG_WARN_QUOTED_INCLUDE_IN_FRAMEWORK_HEADER = YES;
				CLANG_WARN_RANGE_LOOP_ANALYSIS = YES;
				CLANG_WARN_STRICT_PROTOTYPES = YES;
				CLANG_WARN_SUSPICIOUS_MOVE = YES;
				CLANG_WARN_UNGUARDED_AVAILABILITY = YES_AGGRESSIVE;
				CLANG_WARN_UNREACHABLE_CODE = YES;
				CLANG_WARN__DUPLICATE_METHOD_MATCH = YES;
				COPY_PHASE_STRIP = NO;
				DEBUG_INFORMATION_FORMAT = dwarf;
				ENABLE_STRICT_OBJC_MSGSEND = YES;
				ENABLE_TESTABILITY = YES;
				GCC_C_LANGUAGE_STANDARD = gnu11;
				GCC_DYNAMIC_NO_PIC = NO;
				GCC_NO_COMMON_BLOCKS = YES;
				GCC_OPTIMIZATION_LEVEL = 0;
				GCC_PREPROCESSOR_DEFINITIONS = (
					"DEBUG=1",
					"$(inherited)",
				);
				GCC_WARN_64_TO_32_BIT_CONVERSION = YES;
				GCC_WARN_ABOUT_RETURN_TYPE = YES_ERROR;
				GCC_WARN_UNDECLARED_SELECTOR = YES;
				GCC_WARN_UNINITIALIZED_AUTOS = YES_AGGRESSIVE;
				GCC_WARN_UNUSED_FUNCTION = YES;
				GCC_WARN_UNUSED_VARIABLE = YES;
				IPHONEOS_DEPLOYMENT_TARGET = 16.0;
				MTL_ENABLE_DEBUG_INFO = INCLUDE_SOURCE;
				MTL_FAST_MATH = YES;
				ONLY_ACTIVE_ARCH = YES;
				SDKROOT = iphoneos;
				SWIFT_ACTIVE_COMPILATION_CONDITIONS = DEBUG;
				SWIFT_OPTIMIZATION_LEVEL = "-Onone";
			};
			name = Debug;
		};
		99B6417828FD39AA0024FCC4 /* Release */ = {
			isa = XCBuildConfiguration;
			buildSettings = {
				ALWAYS_SEARCH_USER_PATHS = NO;
				CLANG_ANALYZER_NONNULL = YES;
				CLANG_ANALYZER_NUMBER_OBJECT_CONVERSION = YES_AGGRESSIVE;
				CLANG_CXX_LANGUAGE_STANDARD = "gnu++20";
				CLANG_ENABLE_MODULES = YES;
				CLANG_ENABLE_OBJC_ARC = YES;
				CLANG_ENABLE_OBJC_WEAK = YES;
				CLANG_WARN_BLOCK_CAPTURE_AUTORELEASING = YES;
				CLANG_WARN_BOOL_CONVERSION = YES;
				CLANG_WARN_COMMA = YES;
				CLANG_WARN_CONSTANT_CONVERSION = YES;
				CLANG_WARN_DEPRECATED_OBJC_IMPLEMENTATIONS = YES;
				CLANG_WARN_DIRECT_OBJC_ISA_USAGE = YES_ERROR;
				CLANG_WARN_DOCUMENTATION_COMMENTS = YES;
				CLANG_WARN_EMPTY_BODY = YES;
				CLANG_WARN_ENUM_CONVERSION = YES;
				CLANG_WARN_INFINITE_RECURSION = YES;
				CLANG_WARN_INT_CONVERSION = YES;
				CLANG_WARN_NON_LITERAL_NULL_CONVERSION = YES;
				CLANG_WARN_OBJC_IMPLICIT_RETAIN_SELF = YES;
				CLANG_WARN_OBJC_LITERAL_CONVERSION = YES;
				CLANG_WARN_OBJC_ROOT_CLASS = YES_ERROR;
				CLANG_WARN_QUOTED_INCLUDE_IN_FRAMEWORK_HEADER = YES;
				CLANG_WARN_RANGE_LOOP_ANALYSIS = YES;
				CLANG_WARN_STRICT_PROTOTYPES = YES;
				CLANG_WARN_SUSPICIOUS_MOVE = YES;
				CLANG_WARN_UNGUARDED_AVAILABILITY = YES_AGGRESSIVE;
				CLANG_WARN_UNREACHABLE_CODE = YES;
				CLANG_WARN__DUPLICATE_METHOD_MATCH = YES;
				COPY_PHASE_STRIP = NO;
				DEBUG_INFORMATION_FORMAT = "dwarf-with-dsym";
				ENABLE_NS_ASSERTIONS = NO;
				ENABLE_STRICT_OBJC_MSGSEND = YES;
				GCC_C_LANGUAGE_STANDARD = gnu11;
				GCC_NO_COMMON_BLOCKS = YES;
				GCC_WARN_64_TO_32_BIT_CONVERSION = YES;
				GCC_WARN_ABOUT_RETURN_TYPE = YES_ERROR;
				GCC_WARN_UNDECLARED_SELECTOR = YES;
				GCC_WARN_UNINITIALIZED_AUTOS = YES_AGGRESSIVE;
				GCC_WARN_UNUSED_FUNCTION = YES;
				GCC_WARN_UNUSED_VARIABLE = YES;
				IPHONEOS_DEPLOYMENT_TARGET = 16.0;
				MTL_ENABLE_DEBUG_INFO = NO;
				MTL_FAST_MATH = YES;
				SDKROOT = iphoneos;
				SWIFT_COMPILATION_MODE = wholemodule;
				SWIFT_OPTIMIZATION_LEVEL = "-O";
				VALIDATE_PRODUCT = YES;
			};
			name = Release;
		};
		99B6417A28FD39AA0024FCC4 /* Debug */ = {
			isa = XCBuildConfiguration;
			buildSettings = {
				ASSETCATALOG_COMPILER_APPICON_NAME = AppIcon;
				ASSETCATALOG_COMPILER_GLOBAL_ACCENT_COLOR_NAME = AccentColor;
				CODE_SIGN_STYLE = Automatic;
				CURRENT_PROJECT_VERSION = 1;
				DEVELOPMENT_TEAM = 48APBRKW5R;
				GENERATE_INFOPLIST_FILE = YES;
				INFOPLIST_FILE = "Movies App/Info.plist";
				INFOPLIST_KEY_UIApplicationSupportsIndirectInputEvents = YES;
				INFOPLIST_KEY_UILaunchStoryboardName = LaunchScreen;
				INFOPLIST_KEY_UIMainStoryboardFile = "";
				INFOPLIST_KEY_UISupportedInterfaceOrientations_iPad = "UIInterfaceOrientationPortrait UIInterfaceOrientationPortraitUpsideDown UIInterfaceOrientationLandscapeLeft UIInterfaceOrientationLandscapeRight";
				INFOPLIST_KEY_UISupportedInterfaceOrientations_iPhone = "UIInterfaceOrientationPortrait UIInterfaceOrientationLandscapeLeft UIInterfaceOrientationLandscapeRight";
				LD_RUNPATH_SEARCH_PATHS = (
					"$(inherited)",
					"@executable_path/Frameworks",
				);
				MARKETING_VERSION = 1.0;
				PRODUCT_BUNDLE_IDENTIFIER = "com.iivanu.Movies-App";
				PRODUCT_NAME = "$(TARGET_NAME)";
				SWIFT_EMIT_LOC_STRINGS = YES;
				SWIFT_VERSION = 5.0;
				TARGETED_DEVICE_FAMILY = "1,2";
			};
			name = Debug;
		};
		99B6417B28FD39AA0024FCC4 /* Release */ = {
			isa = XCBuildConfiguration;
			buildSettings = {
				ASSETCATALOG_COMPILER_APPICON_NAME = AppIcon;
				ASSETCATALOG_COMPILER_GLOBAL_ACCENT_COLOR_NAME = AccentColor;
				CODE_SIGN_STYLE = Automatic;
				CURRENT_PROJECT_VERSION = 1;
				DEVELOPMENT_TEAM = 48APBRKW5R;
				GENERATE_INFOPLIST_FILE = YES;
				INFOPLIST_FILE = "Movies App/Info.plist";
				INFOPLIST_KEY_UIApplicationSupportsIndirectInputEvents = YES;
				INFOPLIST_KEY_UILaunchStoryboardName = LaunchScreen;
				INFOPLIST_KEY_UIMainStoryboardFile = "";
				INFOPLIST_KEY_UISupportedInterfaceOrientations_iPad = "UIInterfaceOrientationPortrait UIInterfaceOrientationPortraitUpsideDown UIInterfaceOrientationLandscapeLeft UIInterfaceOrientationLandscapeRight";
				INFOPLIST_KEY_UISupportedInterfaceOrientations_iPhone = "UIInterfaceOrientationPortrait UIInterfaceOrientationLandscapeLeft UIInterfaceOrientationLandscapeRight";
				LD_RUNPATH_SEARCH_PATHS = (
					"$(inherited)",
					"@executable_path/Frameworks",
				);
				MARKETING_VERSION = 1.0;
				PRODUCT_BUNDLE_IDENTIFIER = "com.iivanu.Movies-App";
				PRODUCT_NAME = "$(TARGET_NAME)";
				SWIFT_EMIT_LOC_STRINGS = YES;
				SWIFT_VERSION = 5.0;
				TARGETED_DEVICE_FAMILY = "1,2";
			};
			name = Release;
		};
/* End XCBuildConfiguration section */

/* Begin XCConfigurationList section */
		99B6416028FD39A70024FCC4 /* Build configuration list for PBXProject "Movies App" */ = {
			isa = XCConfigurationList;
			buildConfigurations = (
				99B6417728FD39AA0024FCC4 /* Debug */,
				99B6417828FD39AA0024FCC4 /* Release */,
			);
			defaultConfigurationIsVisible = 0;
			defaultConfigurationName = Release;
		};
		99B6417928FD39AA0024FCC4 /* Build configuration list for PBXNativeTarget "Movies App" */ = {
			isa = XCConfigurationList;
			buildConfigurations = (
				99B6417A28FD39AA0024FCC4 /* Debug */,
				99B6417B28FD39AA0024FCC4 /* Release */,
			);
			defaultConfigurationIsVisible = 0;
			defaultConfigurationName = Release;
		};
/* End XCConfigurationList section */
	};
	rootObject = 99B6415D28FD39A70024FCC4 /* Project object */;
}
